// !$*UTF8*$!
{
	archiveVersion = 1;
	classes = {
	};
	objectVersion = 46;
	objects = {

/* Begin PBXBuildFile section */
		7ACBBEFF1A87782E00235F64 /* AppDelegate.swift in Sources */ = {isa = PBXBuildFile; fileRef = 7ACBBEF41A87782E00235F64 /* AppDelegate.swift */; };
		7ACBBF001A87782E00235F64 /* LaunchScreen.xib in Resources */ = {isa = PBXBuildFile; fileRef = 7ACBBEF51A87782E00235F64 /* LaunchScreen.xib */; };
		7ACBBF011A87782E00235F64 /* Main.storyboard in Resources */ = {isa = PBXBuildFile; fileRef = 7ACBBEF71A87782E00235F64 /* Main.storyboard */; };
		7ACBBF021A87782E00235F64 /* image.jpg in Resources */ = {isa = PBXBuildFile; fileRef = 7ACBBEF91A87782E00235F64 /* image.jpg */; };
		7ACBBF031A87782E00235F64 /* Images.xcassets in Resources */ = {isa = PBXBuildFile; fileRef = 7ACBBEFA1A87782E00235F64 /* Images.xcassets */; };
		7ACBBF051A87782E00235F64 /* SampleViewController.swift in Sources */ = {isa = PBXBuildFile; fileRef = 7ACBBEFC1A87782E00235F64 /* SampleViewController.swift */; };
		7ACBBF061A87782E00235F64 /* Transition.swift in Sources */ = {isa = PBXBuildFile; fileRef = 7ACBBEFD1A87782E00235F64 /* Transition.swift */; };
		7ACBBF071A87782E00235F64 /* ViewController.swift in Sources */ = {isa = PBXBuildFile; fileRef = 7ACBBEFE1A87782E00235F64 /* ViewController.swift */; };
/* End PBXBuildFile section */

/* Begin PBXFileReference section */
		7ACBBEC81A87518300235F64 /* UIContainerViewControllerTransitionExample.app */ = {isa = PBXFileReference; explicitFileType = wrapper.application; includeInIndex = 0; path = UIContainerViewControllerTransitionExample.app; sourceTree = BUILT_PRODUCTS_DIR; };
		7ACBBEF41A87782E00235F64 /* AppDelegate.swift */ = {isa = PBXFileReference; fileEncoding = 4; lastKnownFileType = sourcecode.swift; path = AppDelegate.swift; sourceTree = "<group>"; };
		7ACBBEF61A87782E00235F64 /* Base */ = {isa = PBXFileReference; lastKnownFileType = file.xib; name = Base; path = Base.lproj/LaunchScreen.xib; sourceTree = "<group>"; };
		7ACBBEF81A87782E00235F64 /* Base */ = {isa = PBXFileReference; lastKnownFileType = file.storyboard; name = Base; path = Base.lproj/Main.storyboard; sourceTree = "<group>"; };
		7ACBBEF91A87782E00235F64 /* image.jpg */ = {isa = PBXFileReference; lastKnownFileType = image.jpeg; path = image.jpg; sourceTree = "<group>"; };
		7ACBBEFA1A87782E00235F64 /* Images.xcassets */ = {isa = PBXFileReference; lastKnownFileType = folder.assetcatalog; path = Images.xcassets; sourceTree = "<group>"; };
		7ACBBEFB1A87782E00235F64 /* Info.plist */ = {isa = PBXFileReference; fileEncoding = 4; lastKnownFileType = text.plist.xml; path = Info.plist; sourceTree = "<group>"; };
		7ACBBEFC1A87782E00235F64 /* SampleViewController.swift */ = {isa = PBXFileReference; fileEncoding = 4; lastKnownFileType = sourcecode.swift; path = SampleViewController.swift; sourceTree = "<group>"; };
		7ACBBEFD1A87782E00235F64 /* Transition.swift */ = {isa = PBXFileReference; fileEncoding = 4; lastKnownFileType = sourcecode.swift; path = Transition.swift; sourceTree = "<group>"; };
		7ACBBEFE1A87782E00235F64 /* ViewController.swift */ = {isa = PBXFileReference; fileEncoding = 4; lastKnownFileType = sourcecode.swift; path = ViewController.swift; sourceTree = "<group>"; };
/* End PBXFileReference section */

/* Begin PBXFrameworksBuildPhase section */
		7ACBBEC51A87518300235F64 /* Frameworks */ = {
			isa = PBXFrameworksBuildPhase;
			buildActionMask = 2147483647;
			files = (
			);
			runOnlyForDeploymentPostprocessing = 0;
		};
/* End PBXFrameworksBuildPhase section */

/* Begin PBXGroup section */
		7ACBBEBF1A87518300235F64 = {
			isa = PBXGroup;
			children = (
				7ACBBEF31A87782E00235F64 /* UIContainerViewControllerTransitionExample */,
				7ACBBEC91A87518300235F64 /* Products */,
			);
			sourceTree = "<group>";
		};
		7ACBBEC91A87518300235F64 /* Products */ = {
			isa = PBXGroup;
			children = (
				7ACBBEC81A87518300235F64 /* UIContainerViewControllerTransitionExample.app */,
			);
			name = Products;
			sourceTree = "<group>";
		};
		7ACBBEF31A87782E00235F64 /* UIContainerViewControllerTransitionExample */ = {
			isa = PBXGroup;
			children = (
				7ACBBEF41A87782E00235F64 /* AppDelegate.swift */,
				7ACBBEF51A87782E00235F64 /* LaunchScreen.xib */,
				7ACBBEF71A87782E00235F64 /* Main.storyboard */,
				7ACBBEF91A87782E00235F64 /* image.jpg */,
				7ACBBEFA1A87782E00235F64 /* Images.xcassets */,
				7ACBBEFB1A87782E00235F64 /* Info.plist */,
				7ACBBEFC1A87782E00235F64 /* SampleViewController.swift */,
				7ACBBEFD1A87782E00235F64 /* Transition.swift */,
				7ACBBEFE1A87782E00235F64 /* ViewController.swift */,
			);
			path = UIContainerViewControllerTransitionExample;
			sourceTree = "<group>";
		};
/* End PBXGroup section */

/* Begin PBXNativeTarget section */
		7ACBBEC71A87518300235F64 /* UIContainerViewControllerTransitionExample */ = {
			isa = PBXNativeTarget;
			buildConfigurationList = 7ACBBEE71A87518300235F64 /* Build configuration list for PBXNativeTarget "UIContainerViewControllerTransitionExample" */;
			buildPhases = (
				7ACBBEC41A87518300235F64 /* Sources */,
				7ACBBEC51A87518300235F64 /* Frameworks */,
				7ACBBEC61A87518300235F64 /* Resources */,
			);
			buildRules = (
			);
			dependencies = (
			);
			name = UIContainerViewControllerTransitionExample;
			productName = UIContainerViewTransitionExample;
			productReference = 7ACBBEC81A87518300235F64 /* UIContainerViewControllerTransitionExample.app */;
			productType = "com.apple.product-type.application";
		};
/* End PBXNativeTarget section */

/* Begin PBXProject section */
		7ACBBEC01A87518300235F64 /* Project object */ = {
			isa = PBXProject;
			attributes = {
				LastUpgradeCheck = 0620;
				ORGANIZATIONNAME = Airin;
				TargetAttributes = {
					7ACBBEC71A87518300235F64 = {
						CreatedOnToolsVersion = 6.2;
					};
				};
			};
			buildConfigurationList = 7ACBBEC31A87518300235F64 /* Build configuration list for PBXProject "UIContainerViewControllerTransitionExample" */;
			compatibilityVersion = "Xcode 3.2";
			developmentRegion = English;
			hasScannedForEncodings = 0;
			knownRegions = (
				en,
				Base,
			);
			mainGroup = 7ACBBEBF1A87518300235F64;
			productRefGroup = 7ACBBEC91A87518300235F64 /* Products */;
			projectDirPath = "";
			projectRoot = "";
			targets = (
				7ACBBEC71A87518300235F64 /* UIContainerViewControllerTransitionExample */,
			);
		};
/* End PBXProject section */

/* Begin PBXResourcesBuildPhase section */
		7ACBBEC61A87518300235F64 /* Resources */ = {
			isa = PBXResourcesBuildPhase;
			buildActionMask = 2147483647;
			files = (
				7ACBBF001A87782E00235F64 /* LaunchScreen.xib in Resources */,
				7ACBBF031A87782E00235F64 /* Images.xcassets in Resources */,
				7ACBBF011A87782E00235F64 /* Main.storyboard in Resources */,
				7ACBBF021A87782E00235F64 /* image.jpg in Resources */,
			);
			runOnlyForDeploymentPostprocessing = 0;
		};
/* End PBXResourcesBuildPhase section */

/* Begin PBXSourcesBuildPhase section */
		7ACBBEC41A87518300235F64 /* Sources */ = {
			isa = PBXSourcesBuildPhase;
			buildActionMask = 2147483647;
			files = (
				7ACBBF061A87782E00235F64 /* Transition.swift in Sources */,
				7ACBBF051A87782E00235F64 /* SampleViewController.swift in Sources */,
				7ACBBF071A87782E00235F64 /* ViewController.swift in Sources */,
				7ACBBEFF1A87782E00235F64 /* AppDelegate.swift in Sources */,
			);
			runOnlyForDeploymentPostprocessing = 0;
		};
/* End PBXSourcesBuildPhase section */

/* Begin PBXVariantGroup section */
		7ACBBEF51A87782E00235F64 /* LaunchScreen.xib */ = {
			isa = PBXVariantGroup;
			children = (
				7ACBBEF61A87782E00235F64 /* Base */,
			);
			name = LaunchScreen.xib;
			sourceTree = "<group>";
		};
		7ACBBEF71A87782E00235F64 /* Main.storyboard */ = {
			isa = PBXVariantGroup;
			children = (
				7ACBBEF81A87782E00235F64 /* Base */,
			);
			name = Main.storyboard;
			sourceTree = "<group>";
		};
/* End PBXVariantGroup section */

/* Begin XCBuildConfiguration section */
		7ACBBEE51A87518300235F64 /* Debug */ = {
			isa = XCBuildConfiguration;
			buildSettings = {
				ALWAYS_SEARCH_USER_PATHS = NO;
				CLANG_CXX_LANGUAGE_STANDARD = "gnu++0x";
				CLANG_CXX_LIBRARY = "libc++";
				CLANG_ENABLE_MODULES = YES;
				CLANG_ENABLE_OBJC_ARC = YES;
				CLANG_WARN_BOOL_CONVERSION = YES;
				CLANG_WARN_CONSTANT_CONVERSION = YES;
				CLANG_WARN_DIRECT_OBJC_ISA_USAGE = YES_ERROR;
				CLANG_WARN_EMPTY_BODY = YES;
				CLANG_WARN_ENUM_CONVERSION = YES;
				CLANG_WARN_INT_CONVERSION = YES;
				CLANG_WARN_OBJC_ROOT_CLASS = YES_ERROR;
				CLANG_WARN_UNREACHABLE_CODE = YES;
				CLANG_WARN__DUPLICATE_METHOD_MATCH = YES;
				"CODE_SIGN_IDENTITY[sdk=iphoneos*]" = "iPhone Developer";
				COPY_PHASE_STRIP = NO;
				ENABLE_STRICT_OBJC_MSGSEND = YES;
				GCC_C_LANGUAGE_STANDARD = gnu99;
				GCC_DYNAMIC_NO_PIC = NO;
				GCC_OPTIMIZATION_LEVEL = 0;
				GCC_PREPROCESSOR_DEFINITIONS = (
					"DEBUG=1",
					"$(inherited)",
				);
				GCC_SYMBOLS_PRIVATE_EXTERN = NO;
				GCC_WARN_64_TO_32_BIT_CONVERSION = YES;
				GCC_WARN_ABOUT_RETURN_TYPE = YES_ERROR;
				GCC_WARN_UNDECLARED_SELECTOR = YES;
				GCC_WARN_UNINITIALIZED_AUTOS = YES_AGGRESSIVE;
				GCC_WARN_UNUSED_FUNCTION = YES;
				GCC_WARN_UNUSED_VARIABLE = YES;
				IPHONEOS_DEPLOYMENT_TARGET = 8.1;
				MTL_ENABLE_DEBUG_INFO = YES;
				ONLY_ACTIVE_ARCH = YES;
				SDKROOT = iphoneos;
				SWIFT_OPTIMIZATION_LEVEL = "-Onone";
			};
			name = Debug;
		};
		7ACBBEE61A87518300235F64 /* Release */ = {
			isa = XCBuildConfiguration;
			buildSettings = {
				ALWAYS_SEARCH_USER_PATHS = NO;
				CLANG_CXX_LANGUAGE_STANDARD = "gnu++0x";
				CLANG_CXX_LIBRARY = "libc++";
				CLANG_ENABLE_MODULES = YES;
				CLANG_ENABLE_OBJC_ARC = YES;
				CLANG_WARN_BOOL_CONVERSION = YES;
				CLANG_WARN_CONSTANT_CONVERSION = YES;
				CLANG_WARN_DIRECT_OBJC_ISA_USAGE = YES_ERROR;
				CLANG_WARN_EMPTY_BODY = YES;
				CLANG_WARN_ENUM_CONVERSION = YES;
				CLANG_WARN_INT_CONVERSION = YES;
				CLANG_WARN_OBJC_ROOT_CLASS = YES_ERROR;
				CLANG_WARN_UNREACHABLE_CODE = YES;
				CLANG_WARN__DUPLICATE_METHOD_MATCH = YES;
				"CODE_SIGN_IDENTITY[sdk=iphoneos*]" = "iPhone Developer";
				COPY_PHASE_STRIP = NO;
				ENABLE_NS_ASSERTIONS = NO;
				ENABLE_STRICT_OBJC_MSGSEND = YES;
				GCC_C_LANGUAGE_STANDARD = gnu99;
				GCC_WARN_64_TO_32_BIT_CONVERSION = YES;
				GCC_WARN_ABOUT_RETURN_TYPE = YES_ERROR;
				GCC_WARN_UNDECLARED_SELECTOR = YES;
				GCC_WARN_UNINITIALIZED_AUTOS = YES_AGGRESSIVE;
				GCC_WARN_UNUSED_FUNCTION = YES;
				GCC_WARN_UNUSED_VARIABLE = YES;
				IPHONEOS_DEPLOYMENT_TARGET = 8.1;
				MTL_ENABLE_DEBUG_INFO = NO;
				SDKROOT = iphoneos;
				VALIDATE_PRODUCT = YES;
			};
			name = Release;
		};
		7ACBBEE81A87518300235F64 /* Debug */ = {
			isa = XCBuildConfiguration;
			buildSettings = {
				ASSETCATALOG_COMPILER_APPICON_NAME = AppIcon;
				INFOPLIST_FILE = "$(SRCROOT)/UIContainerViewControllerTransitionExample/Info.plist";
				IPHONEOS_DEPLOYMENT_TARGET = 8.1;
				LD_RUNPATH_SEARCH_PATHS = "$(inherited) @executable_path/Frameworks";
				PRODUCT_NAME = UIContainerViewControllerTransitionExample;
			};
			name = Debug;
		};
		7ACBBEE91A87518300235F64 /* Release */ = {
			isa = XCBuildConfiguration;
			buildSettings = {
				ASSETCATALOG_COMPILER_APPICON_NAME = AppIcon;
				INFOPLIST_FILE = "$(SRCROOT)/UIContainerViewControllerTransitionExample/Info.plist";
				IPHONEOS_DEPLOYMENT_TARGET = 8.1;
				LD_RUNPATH_SEARCH_PATHS = "$(inherited) @executable_path/Frameworks";
				PRODUCT_NAME = UIContainerViewControllerTransitionExample;
			};
			name = Release;
		};
/* End XCBuildConfiguration section */

/* Begin XCConfigurationList section */
		7ACBBEC31A87518300235F64 /* Build configuration list for PBXProject "UIContainerViewControllerTransitionExample" */ = {
			isa = XCConfigurationList;
			buildConfigurations = (
				7ACBBEE51A87518300235F64 /* Debug */,
				7ACBBEE61A87518300235F64 /* Release */,
			);
			defaultConfigurationIsVisible = 0;
			defaultConfigurationName = Release;
		};
		7ACBBEE71A87518300235F64 /* Build configuration list for PBXNativeTarget "UIContainerViewControllerTransitionExample" */ = {
			isa = XCConfigurationList;
			buildConfigurations = (
				7ACBBEE81A87518300235F64 /* Debug */,
				7ACBBEE91A87518300235F64 /* Release */,
			);
			defaultConfigurationIsVisible = 0;
			defaultConfigurationName = Release;
		};
/* End XCConfigurationList section */
	};
	rootObject = 7ACBBEC01A87518300235F64 /* Project object */;
}
